
Microsoft Visual Studio Solution File, Format Version 12.00
# Visual Studio Version 16
VisualStudioVersion = 16.0.29709.97
MinimumVisualStudioVersion = 10.0.40219.1
Project("{FAE04EC0-301F-11D3-BF4B-00C04F79EFBC}") = "WebApplication1", "WebApplication1\WebApplication1.csproj", "{CA589C4D-D96A-4988-B47D-B7ED78573C6E}"
EndProject
Global
	GlobalSection(SolutionConfigurationPlatforms) = preSolution
		Debug|Any CPU = Debug|Any CPU
		Release|Any CPU = Release|Any CPU
	EndGlobalSection
	GlobalSection(ProjectConfigurationPlatforms) = postSolution
		{CA589C4D-D96A-4988-B47D-B7ED78573C6E}.Debug|Any CPU.ActiveCfg = Debug|Any CPU
		{CA589C4D-D96A-4988-B47D-B7ED78573C6E}.Debug|Any CPU.Build.0 = Debug|Any CPU
		{CA589C4D-D96A-4988-B47D-B7ED78573C6E}.Release|Any CPU.ActiveCfg = Release|Any CPU
		{CA589C4D-D96A-4988-B47D-B7ED78573C6E}.Release|Any CPU.Build.0 = Release|Any CPU
	EndGlobalSection
	GlobalSection(SolutionProperties) = preSolution
		HideSolutionNode = FALSE
	EndGlobalSection
	GlobalSection(ExtensibilityGlobals) = postSolution
		SolutionGuid = {781B6985-2373-446E-8AE7-26704858B40D}
	EndGlobalSection
EndGlobal
